
Microsoft Visual Studio Solution File, Format Version 12.00
# Visual Studio Version 17
VisualStudioVersion = 17.10.35027.167
MinimumVisualStudioVersion = 10.0.40219.1
Project("{2150E333-8FDC-42A3-9474-1A3956D46DE8}") = "Features", "Features", "{B2792953-1ACF-4FE5-A080-8A985A63574C}"
EndProject
Project("{9A19103F-16F7-4668-BE54-9A1E7A4F7556}") = "Auth", "Features\Auth\Auth.csproj", "{DA58D0FF-AA90-49E4-9B5C-2727D5335832}"
EndProject
Project("{9A19103F-16F7-4668-BE54-9A1E7A4F7556}") = "CloudMessaging", "Features\CloudMessaging\CloudMessaging.csproj", "{A8BF0A77-3335-4E03-8732-39B7E04675C8}"
EndProject
Project("{9A19103F-16F7-4668-BE54-9A1E7A4F7556}") = "Bundled", "Bundled\Bundled.csproj", "{7A3F9F55-52D6-4B3A-92A7-B1D5662A5F5D}"
EndProject
Project("{9A19103F-16F7-4668-BE54-9A1E7A4F7556}") = "Core", "Core\Core.csproj", "{BD294943-3EAD-4671-B59B-59FC236BF647}"
EndProject
Project("{9A19103F-16F7-4668-BE54-9A1E7A4F7556}") = "Analytics", "Features\Analytics\Analytics.csproj", "{DA08A5D7-B303-46C9-A7F8-AC6E0A2511AC}"
EndProject
Project("{FAE04EC0-301F-11D3-BF4B-00C04F79EFBC}") = "Crashlytics", "Features\Crashlytics\Crashlytics.csproj", "{A896878A-7139-47D8-971A-8F9A3D6861AB}"
EndProject
Global
	GlobalSection(SolutionConfigurationPlatforms) = preSolution
		Debug|Any CPU = Debug|Any CPU
		Release|Any CPU = Release|Any CPU
	EndGlobalSection
	GlobalSection(ProjectConfigurationPlatforms) = postSolution
		{DA58D0FF-AA90-49E4-9B5C-2727D5335832}.Debug|Any CPU.ActiveCfg = Debug|Any CPU
		{DA58D0FF-AA90-49E4-9B5C-2727D5335832}.Debug|Any CPU.Build.0 = Debug|Any CPU
		{DA58D0FF-AA90-49E4-9B5C-2727D5335832}.Release|Any CPU.ActiveCfg = Release|Any CPU
		{DA58D0FF-AA90-49E4-9B5C-2727D5335832}.Release|Any CPU.Build.0 = Release|Any CPU
		{A8BF0A77-3335-4E03-8732-39B7E04675C8}.Debug|Any CPU.ActiveCfg = Debug|Any CPU
		{A8BF0A77-3335-4E03-8732-39B7E04675C8}.Debug|Any CPU.Build.0 = Debug|Any CPU
		{A8BF0A77-3335-4E03-8732-39B7E04675C8}.Release|Any CPU.ActiveCfg = Release|Any CPU
		{A8BF0A77-3335-4E03-8732-39B7E04675C8}.Release|Any CPU.Build.0 = Release|Any CPU
		{7A3F9F55-52D6-4B3A-92A7-B1D5662A5F5D}.Debug|Any CPU.ActiveCfg = Debug|Any CPU
		{7A3F9F55-52D6-4B3A-92A7-B1D5662A5F5D}.Debug|Any CPU.Build.0 = Debug|Any CPU
		{7A3F9F55-52D6-4B3A-92A7-B1D5662A5F5D}.Release|Any CPU.ActiveCfg = Release|Any CPU
		{7A3F9F55-52D6-4B3A-92A7-B1D5662A5F5D}.Release|Any CPU.Build.0 = Release|Any CPU
		{BD294943-3EAD-4671-B59B-59FC236BF647}.Debug|Any CPU.ActiveCfg = Debug|Any CPU
		{BD294943-3EAD-4671-B59B-59FC236BF647}.Debug|Any CPU.Build.0 = Debug|Any CPU
		{BD294943-3EAD-4671-B59B-59FC236BF647}.Release|Any CPU.ActiveCfg = Release|Any CPU
		{BD294943-3EAD-4671-B59B-59FC236BF647}.Release|Any CPU.Build.0 = Release|Any CPU
		{DA08A5D7-B303-46C9-A7F8-AC6E0A2511AC}.Debug|Any CPU.ActiveCfg = Debug|Any CPU
		{DA08A5D7-B303-46C9-A7F8-AC6E0A2511AC}.Debug|Any CPU.Build.0 = Debug|Any CPU
		{DA08A5D7-B303-46C9-A7F8-AC6E0A2511AC}.Release|Any CPU.ActiveCfg = Release|Any CPU
		{DA08A5D7-B303-46C9-A7F8-AC6E0A2511AC}.Release|Any CPU.Build.0 = Release|Any CPU
		{A896878A-7139-47D8-971A-8F9A3D6861AB}.Debug|Any CPU.ActiveCfg = Debug|Any CPU
		{A896878A-7139-47D8-971A-8F9A3D6861AB}.Debug|Any CPU.Build.0 = Debug|Any CPU
		{A896878A-7139-47D8-971A-8F9A3D6861AB}.Release|Any CPU.ActiveCfg = Release|Any CPU
		{A896878A-7139-47D8-971A-8F9A3D6861AB}.Release|Any CPU.Build.0 = Release|Any CPU
	EndGlobalSection
	GlobalSection(SolutionProperties) = preSolution
		HideSolutionNode = FALSE
	EndGlobalSection
	GlobalSection(NestedProjects) = preSolution
		{DA58D0FF-AA90-49E4-9B5C-2727D5335832} = {B2792953-1ACF-4FE5-A080-8A985A63574C}
		{A8BF0A77-3335-4E03-8732-39B7E04675C8} = {B2792953-1ACF-4FE5-A080-8A985A63574C}
		{DA08A5D7-B303-46C9-A7F8-AC6E0A2511AC} = {B2792953-1ACF-4FE5-A080-8A985A63574C}
		{A896878A-7139-47D8-971A-8F9A3D6861AB} = {B2792953-1ACF-4FE5-A080-8A985A63574C}
	EndGlobalSection
	GlobalSection(ExtensibilityGlobals) = postSolution
		SolutionGuid = {57887B04-4D7E-4219-BF1B-71094C3EE64A}
	EndGlobalSection
EndGlobal
